// !$*UTF8*$!
{
	archiveVersion = 1;
	classes = {
	};
	objectVersion = 46;
	objects = {

/* Begin PBXBuildFile section */
		F97062C61AAB227000B938C2 /* PlaySoundViewController.swift in Sources */ = {isa = PBXBuildFile; fileRef = F97062C51AAB227000B938C2 /* PlaySoundViewController.swift */; };
		F97062C81AAB251C00B938C2 /* movie_quote.mp3 in Resources */ = {isa = PBXBuildFile; fileRef = F97062C71AAB251C00B938C2 /* movie_quote.mp3 */; };
		F9B24E2E1AAB93BD00B37A78 /* Main.storyboard in Resources */ = {isa = PBXBuildFile; fileRef = F9B24E2C1AAB93BD00B37A78 /* Main.storyboard */; };
		F9B24E301AAB96D000B37A78 /* RecordedAudio.swift in Sources */ = {isa = PBXBuildFile; fileRef = F9B24E2F1AAB96D000B37A78 /* RecordedAudio.swift */; };
		F9EA3AFB1AA8F40600AAC2EB /* AppDelegate.swift in Sources */ = {isa = PBXBuildFile; fileRef = F9EA3AFA1AA8F40600AAC2EB /* AppDelegate.swift */; };
		F9EA3AFD1AA8F40600AAC2EB /* RecordSoundsViewController.swift in Sources */ = {isa = PBXBuildFile; fileRef = F9EA3AFC1AA8F40600AAC2EB /* RecordSoundsViewController.swift */; };
		F9EA3B021AA8F40600AAC2EB /* Images.xcassets in Resources */ = {isa = PBXBuildFile; fileRef = F9EA3B011AA8F40600AAC2EB /* Images.xcassets */; };
		F9EA3B051AA8F40600AAC2EB /* LaunchScreen.xib in Resources */ = {isa = PBXBuildFile; fileRef = F9EA3B031AA8F40600AAC2EB /* LaunchScreen.xib */; };
		F9EA3B111AA8F40600AAC2EB /* PitchPerfectTests.swift in Sources */ = {isa = PBXBuildFile; fileRef = F9EA3B101AA8F40600AAC2EB /* PitchPerfectTests.swift */; };
/* End PBXBuildFile section */

/* Begin PBXContainerItemProxy section */
		F9EA3B0B1AA8F40600AAC2EB /* PBXContainerItemProxy */ = {
			isa = PBXContainerItemProxy;
			containerPortal = F9EA3AED1AA8F40600AAC2EB /* Project object */;
			proxyType = 1;
			remoteGlobalIDString = F9EA3AF41AA8F40600AAC2EB;
			remoteInfo = PitchPerfect;
		};
/* End PBXContainerItemProxy section */

/* Begin PBXFileReference section */
		F97062C51AAB227000B938C2 /* PlaySoundViewController.swift */ = {isa = PBXFileReference; fileEncoding = 4; lastKnownFileType = sourcecode.swift; path = PlaySoundViewController.swift; sourceTree = "<group>"; };
		F97062C71AAB251C00B938C2 /* movie_quote.mp3 */ = {isa = PBXFileReference; lastKnownFileType = audio.mp3; path = movie_quote.mp3; sourceTree = "<group>"; };
		F9B24E2D1AAB93BD00B37A78 /* Base */ = {isa = PBXFileReference; lastKnownFileType = file.storyboard; name = Base; path = Base.lproj/Main.storyboard; sourceTree = "<group>"; };
		F9B24E2F1AAB96D000B37A78 /* RecordedAudio.swift */ = {isa = PBXFileReference; fileEncoding = 4; lastKnownFileType = sourcecode.swift; path = RecordedAudio.swift; sourceTree = "<group>"; };
		F9EA3AF51AA8F40600AAC2EB /* PitchPerfect.app */ = {isa = PBXFileReference; explicitFileType = wrapper.application; includeInIndex = 0; path = PitchPerfect.app; sourceTree = BUILT_PRODUCTS_DIR; };
		F9EA3AF91AA8F40600AAC2EB /* Info.plist */ = {isa = PBXFileReference; lastKnownFileType = text.plist.xml; path = Info.plist; sourceTree = "<group>"; };
		F9EA3AFA1AA8F40600AAC2EB /* AppDelegate.swift */ = {isa = PBXFileReference; lastKnownFileType = sourcecode.swift; path = AppDelegate.swift; sourceTree = "<group>"; };
		F9EA3AFC1AA8F40600AAC2EB /* RecordSoundsViewController.swift */ = {isa = PBXFileReference; lastKnownFileType = sourcecode.swift; path = RecordSoundsViewController.swift; sourceTree = "<group>"; };
		F9EA3B011AA8F40600AAC2EB /* Images.xcassets */ = {isa = PBXFileReference; lastKnownFileType = folder.assetcatalog; path = Images.xcassets; sourceTree = "<group>"; };
		F9EA3B041AA8F40600AAC2EB /* Base */ = {isa = PBXFileReference; lastKnownFileType = file.xib; name = Base; path = Base.lproj/LaunchScreen.xib; sourceTree = "<group>"; };
		F9EA3B0A1AA8F40600AAC2EB /* PitchPerfectTests.xctest */ = {isa = PBXFileReference; explicitFileType = wrapper.cfbundle; includeInIndex = 0; path = PitchPerfectTests.xctest; sourceTree = BUILT_PRODUCTS_DIR; };
		F9EA3B0F1AA8F40600AAC2EB /* Info.plist */ = {isa = PBXFileReference; lastKnownFileType = text.plist.xml; path = Info.plist; sourceTree = "<group>"; };
		F9EA3B101AA8F40600AAC2EB /* PitchPerfectTests.swift */ = {isa = PBXFileReference; lastKnownFileType = sourcecode.swift; path = PitchPerfectTests.swift; sourceTree = "<group>"; };
/* End PBXFileReference section */

/* Begin PBXFrameworksBuildPhase section */
		F9EA3AF21AA8F40600AAC2EB /* Frameworks */ = {
			isa = PBXFrameworksBuildPhase;
			buildActionMask = 2147483647;
			files = (
			);
			runOnlyForDeploymentPostprocessing = 0;
		};
		F9EA3B071AA8F40600AAC2EB /* Frameworks */ = {
			isa = PBXFrameworksBuildPhase;
			buildActionMask = 2147483647;
			files = (
			);
			runOnlyForDeploymentPostprocessing = 0;
		};
/* End PBXFrameworksBuildPhase section */

/* Begin PBXGroup section */
		F9EA3AEC1AA8F40600AAC2EB = {
			isa = PBXGroup;
			children = (
				F9EA3AF71AA8F40600AAC2EB /* PitchPerfect */,
				F9EA3B0D1AA8F40600AAC2EB /* PitchPerfectTests */,
				F9EA3AF61AA8F40600AAC2EB /* Products */,
			);
			sourceTree = "<group>";
		};
		F9EA3AF61AA8F40600AAC2EB /* Products */ = {
			isa = PBXGroup;
			children = (
				F9EA3AF51AA8F40600AAC2EB /* PitchPerfect.app */,
				F9EA3B0A1AA8F40600AAC2EB /* PitchPerfectTests.xctest */,
			);
			name = Products;
			sourceTree = "<group>";
		};
		F9EA3AF71AA8F40600AAC2EB /* PitchPerfect */ = {
			isa = PBXGroup;
			children = (
				F9EA3AFA1AA8F40600AAC2EB /* AppDelegate.swift */,
				F9EA3AFC1AA8F40600AAC2EB /* RecordSoundsViewController.swift */,
				F9B24E2F1AAB96D000B37A78 /* RecordedAudio.swift */,
				F97062C51AAB227000B938C2 /* PlaySoundViewController.swift */,
				F9B24E2C1AAB93BD00B37A78 /* Main.storyboard */,
				F9EA3B011AA8F40600AAC2EB /* Images.xcassets */,
				F9EA3B031AA8F40600AAC2EB /* LaunchScreen.xib */,
				F9EA3AF81AA8F40600AAC2EB /* Supporting Files */,
			);
			path = PitchPerfect;
			sourceTree = "<group>";
		};
		F9EA3AF81AA8F40600AAC2EB /* Supporting Files */ = {
			isa = PBXGroup;
			children = (
				F97062C71AAB251C00B938C2 /* movie_quote.mp3 */,
				F9EA3AF91AA8F40600AAC2EB /* Info.plist */,
			);
			name = "Supporting Files";
			sourceTree = "<group>";
		};
		F9EA3B0D1AA8F40600AAC2EB /* PitchPerfectTests */ = {
			isa = PBXGroup;
			children = (
				F9EA3B101AA8F40600AAC2EB /* PitchPerfectTests.swift */,
				F9EA3B0E1AA8F40600AAC2EB /* Supporting Files */,
			);
			path = PitchPerfectTests;
			sourceTree = "<group>";
		};
		F9EA3B0E1AA8F40600AAC2EB /* Supporting Files */ = {
			isa = PBXGroup;
			children = (
				F9EA3B0F1AA8F40600AAC2EB /* Info.plist */,
			);
			name = "Supporting Files";
			sourceTree = "<group>";
		};
/* End PBXGroup section */

/* Begin PBXNativeTarget section */
		F9EA3AF41AA8F40600AAC2EB /* PitchPerfect */ = {
			isa = PBXNativeTarget;
			buildConfigurationList = F9EA3B141AA8F40600AAC2EB /* Build configuration list for PBXNativeTarget "PitchPerfect" */;
			buildPhases = (
				F9EA3AF11AA8F40600AAC2EB /* Sources */,
				F9EA3AF21AA8F40600AAC2EB /* Frameworks */,
				F9EA3AF31AA8F40600AAC2EB /* Resources */,
			);
			buildRules = (
			);
			dependencies = (
			);
			name = PitchPerfect;
			productName = PitchPerfect;
			productReference = F9EA3AF51AA8F40600AAC2EB /* PitchPerfect.app */;
			productType = "com.apple.product-type.application";
		};
		F9EA3B091AA8F40600AAC2EB /* PitchPerfectTests */ = {
			isa = PBXNativeTarget;
			buildConfigurationList = F9EA3B171AA8F40600AAC2EB /* Build configuration list for PBXNativeTarget "PitchPerfectTests" */;
			buildPhases = (
				F9EA3B061AA8F40600AAC2EB /* Sources */,
				F9EA3B071AA8F40600AAC2EB /* Frameworks */,
				F9EA3B081AA8F40600AAC2EB /* Resources */,
			);
			buildRules = (
			);
			dependencies = (
				F9EA3B0C1AA8F40600AAC2EB /* PBXTargetDependency */,
			);
			name = PitchPerfectTests;
			productName = PitchPerfectTests;
			productReference = F9EA3B0A1AA8F40600AAC2EB /* PitchPerfectTests.xctest */;
			productType = "com.apple.product-type.bundle.unit-test";
		};
/* End PBXNativeTarget section */

/* Begin PBXProject section */
		F9EA3AED1AA8F40600AAC2EB /* Project object */ = {
			isa = PBXProject;
			attributes = {
				LastUpgradeCheck = 0610;
				ORGANIZATIONNAME = "Tom Barbour";
				TargetAttributes = {
					F9EA3AF41AA8F40600AAC2EB = {
						CreatedOnToolsVersion = 6.1.1;
					};
					F9EA3B091AA8F40600AAC2EB = {
						CreatedOnToolsVersion = 6.1.1;
						TestTargetID = F9EA3AF41AA8F40600AAC2EB;
					};
				};
			};
			buildConfigurationList = F9EA3AF01AA8F40600AAC2EB /* Build configuration list for PBXProject "PitchPerfect" */;
			compatibilityVersion = "Xcode 3.2";
			developmentRegion = English;
			hasScannedForEncodings = 0;
			knownRegions = (
				en,
				Base,
			);
			mainGroup = F9EA3AEC1AA8F40600AAC2EB;
			productRefGroup = F9EA3AF61AA8F40600AAC2EB /* Products */;
			projectDirPath = "";
			projectRoot = "";
			targets = (
				F9EA3AF41AA8F40600AAC2EB /* PitchPerfect */,
				F9EA3B091AA8F40600AAC2EB /* PitchPerfectTests */,
			);
		};
/* End PBXProject section */

/* Begin PBXResourcesBuildPhase section */
		F9EA3AF31AA8F40600AAC2EB /* Resources */ = {
			isa = PBXResourcesBuildPhase;
			buildActionMask = 2147483647;
			files = (
				F9EA3B051AA8F40600AAC2EB /* LaunchScreen.xib in Resources */,
				F97062C81AAB251C00B938C2 /* movie_quote.mp3 in Resources */,
				F9EA3B021AA8F40600AAC2EB /* Images.xcassets in Resources */,
				F9B24E2E1AAB93BD00B37A78 /* Main.storyboard in Resources */,
			);
			runOnlyForDeploymentPostprocessing = 0;
		};
		F9EA3B081AA8F40600AAC2EB /* Resources */ = {
			isa = PBXResourcesBuildPhase;
			buildActionMask = 2147483647;
			files = (
			);
			runOnlyForDeploymentPostprocessing = 0;
		};
/* End PBXResourcesBuildPhase section */

/* Begin PBXSourcesBuildPhase section */
		F9EA3AF11AA8F40600AAC2EB /* Sources */ = {
			isa = PBXSourcesBuildPhase;
			buildActionMask = 2147483647;
			files = (
				F9B24E301AAB96D000B37A78 /* RecordedAudio.swift in Sources */,
				F9EA3AFD1AA8F40600AAC2EB /* RecordSoundsViewController.swift in Sources */,
				F97062C61AAB227000B938C2 /* PlaySoundViewController.swift in Sources */,
				F9EA3AFB1AA8F40600AAC2EB /* AppDelegate.swift in Sources */,
			);
			runOnlyForDeploymentPostprocessing = 0;
		};
		F9EA3B061AA8F40600AAC2EB /* Sources */ = {
			isa = PBXSourcesBuildPhase;
			buildActionMask = 2147483647;
			files = (
				F9EA3B111AA8F40600AAC2EB /* PitchPerfectTests.swift in Sources */,
			);
			runOnlyForDeploymentPostprocessing = 0;
		};
/* End PBXSourcesBuildPhase section */

/* Begin PBXTargetDependency section */
		F9EA3B0C1AA8F40600AAC2EB /* PBXTargetDependency */ = {
			isa = PBXTargetDependency;
			target = F9EA3AF41AA8F40600AAC2EB /* PitchPerfect */;
			targetProxy = F9EA3B0B1AA8F40600AAC2EB /* PBXContainerItemProxy */;
		};
/* End PBXTargetDependency section */

/* Begin PBXVariantGroup section */
		F9B24E2C1AAB93BD00B37A78 /* Main.storyboard */ = {
			isa = PBXVariantGroup;
			children = (
				F9B24E2D1AAB93BD00B37A78 /* Base */,
			);
			name = Main.storyboard;
			sourceTree = "<group>";
		};
		F9EA3B031AA8F40600AAC2EB /* LaunchScreen.xib */ = {
			isa = PBXVariantGroup;
			children = (
				F9EA3B041AA8F40600AAC2EB /* Base */,
			);
			name = LaunchScreen.xib;
			sourceTree = "<group>";
		};
/* End PBXVariantGroup section */

/* Begin XCBuildConfiguration section */
		F9EA3B121AA8F40600AAC2EB /* Debug */ = {
			isa = XCBuildConfiguration;
			buildSettings = {
				ALWAYS_SEARCH_USER_PATHS = NO;
				CLANG_CXX_LANGUAGE_STANDARD = "gnu++0x";
				CLANG_CXX_LIBRARY = "libc++";
				CLANG_ENABLE_MODULES = YES;
				CLANG_ENABLE_OBJC_ARC = YES;
				CLANG_WARN_BOOL_CONVERSION = YES;
				CLANG_WARN_CONSTANT_CONVERSION = YES;
				CLANG_WARN_DIRECT_OBJC_ISA_USAGE = YES_ERROR;
				CLANG_WARN_EMPTY_BODY = YES;
				CLANG_WARN_ENUM_CONVERSION = YES;
				CLANG_WARN_INT_CONVERSION = YES;
				CLANG_WARN_OBJC_ROOT_CLASS = YES_ERROR;
				CLANG_WARN_UNREACHABLE_CODE = YES;
				CLANG_WARN__DUPLICATE_METHOD_MATCH = YES;
				"CODE_SIGN_IDENTITY[sdk=iphoneos*]" = "iPhone Developer";
				COPY_PHASE_STRIP = NO;
				ENABLE_STRICT_OBJC_MSGSEND = YES;
				GCC_C_LANGUAGE_STANDARD = gnu99;
				GCC_DYNAMIC_NO_PIC = NO;
				GCC_OPTIMIZATION_LEVEL = 0;
				GCC_PREPROCESSOR_DEFINITIONS = (
					"DEBUG=1",
					"$(inherited)",
				);
				GCC_SYMBOLS_PRIVATE_EXTERN = NO;
				GCC_WARN_64_TO_32_BIT_CONVERSION = YES;
				GCC_WARN_ABOUT_RETURN_TYPE = YES_ERROR;
				GCC_WARN_UNDECLARED_SELECTOR = YES;
				GCC_WARN_UNINITIALIZED_AUTOS = YES_AGGRESSIVE;
				GCC_WARN_UNUSED_FUNCTION = YES;
				GCC_WARN_UNUSED_VARIABLE = YES;
				IPHONEOS_DEPLOYMENT_TARGET = 8.1;
				MTL_ENABLE_DEBUG_INFO = YES;
				ONLY_ACTIVE_ARCH = YES;
				SDKROOT = iphoneos;
				SWIFT_OPTIMIZATION_LEVEL = "-Onone";
			};
			name = Debug;
		};
		F9EA3B131AA8F40600AAC2EB /* Release */ = {
			isa = XCBuildConfiguration;
			buildSettings = {
				ALWAYS_SEARCH_USER_PATHS = NO;
				CLANG_CXX_LANGUAGE_STANDARD = "gnu++0x";
				CLANG_CXX_LIBRARY = "libc++";
				CLANG_ENABLE_MODULES = YES;
				CLANG_ENABLE_OBJC_ARC = YES;
				CLANG_WARN_BOOL_CONVERSION = YES;
				CLANG_WARN_CONSTANT_CONVERSION = YES;
				CLANG_WARN_DIRECT_OBJC_ISA_USAGE = YES_ERROR;
				CLANG_WARN_EMPTY_BODY = YES;
				CLANG_WARN_ENUM_CONVERSION = YES;
				CLANG_WARN_INT_CONVERSION = YES;
				CLANG_WARN_OBJC_ROOT_CLASS = YES_ERROR;
				CLANG_WARN_UNREACHABLE_CODE = YES;
				CLANG_WARN__DUPLICATE_METHOD_MATCH = YES;
				"CODE_SIGN_IDENTITY[sdk=iphoneos*]" = "iPhone Developer";
				COPY_PHASE_STRIP = YES;
				ENABLE_NS_ASSERTIONS = NO;
				ENABLE_STRICT_OBJC_MSGSEND = YES;
				GCC_C_LANGUAGE_STANDARD = gnu99;
				GCC_WARN_64_TO_32_BIT_CONVERSION = YES;
				GCC_WARN_ABOUT_RETURN_TYPE = YES_ERROR;
				GCC_WARN_UNDECLARED_SELECTOR = YES;
				GCC_WARN_UNINITIALIZED_AUTOS = YES_AGGRESSIVE;
				GCC_WARN_UNUSED_FUNCTION = YES;
				GCC_WARN_UNUSED_VARIABLE = YES;
				IPHONEOS_DEPLOYMENT_TARGET = 8.1;
				MTL_ENABLE_DEBUG_INFO = NO;
				SDKROOT = iphoneos;
				VALIDATE_PRODUCT = YES;
			};
			name = Release;
		};
		F9EA3B151AA8F40600AAC2EB /* Debug */ = {
			isa = XCBuildConfiguration;
			buildSettings = {
				ASSETCATALOG_COMPILER_APPICON_NAME = AppIcon;
				INFOPLIST_FILE = PitchPerfect/Info.plist;
				LD_RUNPATH_SEARCH_PATHS = "$(inherited) @executable_path/Frameworks";
				PRODUCT_NAME = "$(TARGET_NAME)";
			};
			name = Debug;
		};
		F9EA3B161AA8F40600AAC2EB /* Release */ = {
			isa = XCBuildConfiguration;
			buildSettings = {
				ASSETCATALOG_COMPILER_APPICON_NAME = AppIcon;
				INFOPLIST_FILE = PitchPerfect/Info.plist;
				LD_RUNPATH_SEARCH_PATHS = "$(inherited) @executable_path/Frameworks";
				PRODUCT_NAME = "$(TARGET_NAME)";
			};
			name = Release;
		};
		F9EA3B181AA8F40600AAC2EB /* Debug */ = {
			isa = XCBuildConfiguration;
			buildSettings = {
				BUNDLE_LOADER = "$(TEST_HOST)";
				FRAMEWORK_SEARCH_PATHS = (
					"$(SDKROOT)/Developer/Library/Frameworks",
					"$(inherited)",
				);
				GCC_PREPROCESSOR_DEFINITIONS = (
					"DEBUG=1",
					"$(inherited)",
				);
				INFOPLIST_FILE = PitchPerfectTests/Info.plist;
				LD_RUNPATH_SEARCH_PATHS = "$(inherited) @executable_path/Frameworks @loader_path/Frameworks";
				PRODUCT_NAME = "$(TARGET_NAME)";
				TEST_HOST = "$(BUILT_PRODUCTS_DIR)/PitchPerfect.app/PitchPerfect";
			};
			name = Debug;
		};
		F9EA3B191AA8F40600AAC2EB /* Release */ = {
			isa = XCBuildConfiguration;
			buildSettings = {
				BUNDLE_LOADER = "$(TEST_HOST)";
				FRAMEWORK_SEARCH_PATHS = (
					"$(SDKROOT)/Developer/Library/Frameworks",
					"$(inherited)",
				);
				INFOPLIST_FILE = PitchPerfectTests/Info.plist;
				LD_RUNPATH_SEARCH_PATHS = "$(inherited) @executable_path/Frameworks @loader_path/Frameworks";
				PRODUCT_NAME = "$(TARGET_NAME)";
				TEST_HOST = "$(BUILT_PRODUCTS_DIR)/PitchPerfect.app/PitchPerfect";
			};
			name = Release;
		};
/* End XCBuildConfiguration section */

/* Begin XCConfigurationList section */
		F9EA3AF01AA8F40600AAC2EB /* Build configuration list for PBXProject "PitchPerfect" */ = {
			isa = XCConfigurationList;
			buildConfigurations = (
				F9EA3B121AA8F40600AAC2EB /* Debug */,
				F9EA3B131AA8F40600AAC2EB /* Release */,
			);
			defaultConfigurationIsVisible = 0;
			defaultConfigurationName = Release;
		};
		F9EA3B141AA8F40600AAC2EB /* Build configuration list for PBXNativeTarget "PitchPerfect" */ = {
			isa = XCConfigurationList;
			buildConfigurations = (
				F9EA3B151AA8F40600AAC2EB /* Debug */,
				F9EA3B161AA8F40600AAC2EB /* Release */,
			);
			defaultConfigurationIsVisible = 0;
			defaultConfigurationName = Release;
		};
		F9EA3B171AA8F40600AAC2EB /* Build configuration list for PBXNativeTarget "PitchPerfectTests" */ = {
			isa = XCConfigurationList;
			buildConfigurations = (
				F9EA3B181AA8F40600AAC2EB /* Debug */,
				F9EA3B191AA8F40600AAC2EB /* Release */,
			);
			defaultConfigurationIsVisible = 0;
			defaultConfigurationName = Release;
		};
/* End XCConfigurationList section */
	};
	rootObject = F9EA3AED1AA8F40600AAC2EB /* Project object */;
}
